
Microsoft Visual Studio Solution File, Format Version 12.00
Project("{FAE04EC0-301F-11D3-BF4B-00C04F79EFBC}") = "OnibusBot", "OnibusBot\OnibusBot.csproj", "{BC331D8F-32DD-4256-BE58-DB2E5080FE9B}"
EndProject
Global
	GlobalSection(SolutionConfigurationPlatforms) = preSolution
		Debug|Any CPU = Debug|Any CPU
		Release|Any CPU = Release|Any CPU
	EndGlobalSection
	GlobalSection(ProjectConfigurationPlatforms) = postSolution
		{BC331D8F-32DD-4256-BE58-DB2E5080FE9B}.Debug|Any CPU.ActiveCfg = Debug|Any CPU
		{BC331D8F-32DD-4256-BE58-DB2E5080FE9B}.Debug|Any CPU.Build.0 = Debug|Any CPU
		{BC331D8F-32DD-4256-BE58-DB2E5080FE9B}.Release|Any CPU.ActiveCfg = Release|Any CPU
		{BC331D8F-32DD-4256-BE58-DB2E5080FE9B}.Release|Any CPU.Build.0 = Release|Any CPU
	EndGlobalSection
EndGlobal
